
Microsoft Visual Studio Solution File, Format Version 12.00
# Visual Studio Version 17
VisualStudioVersion = 17.13.35828.75
MinimumVisualStudioVersion = 10.0.40219.1
Project("{FAE04EC0-301F-11D3-BF4B-00C04F79EFBC}") = "WebApi", "WebApi\WebApi.csproj", "{65F67DA7-7FB6-493F-B113-496045A8E763}"
EndProject
Project("{FAE04EC0-301F-11D3-BF4B-00C04F79EFBC}") = "Business", "Business\Business.csproj", "{4BE60B19-05BF-4E4B-9E24-EAFCABD0275E}"
EndProject
Project("{FAE04EC0-301F-11D3-BF4B-00C04F79EFBC}") = "Data", "Data\Data.csproj", "{0EAAF698-B53D-48EA-BA91-05ED3987BBC4}"
EndProject
Global
	GlobalSection(SolutionConfigurationPlatforms) = preSolution
		Debug|Any CPU = Debug|Any CPU
		Release|Any CPU = Release|Any CPU
	EndGlobalSection
	GlobalSection(ProjectConfigurationPlatforms) = postSolution
		{65F67DA7-7FB6-493F-B113-496045A8E763}.Debug|Any CPU.ActiveCfg = Debug|Any CPU
		{65F67DA7-7FB6-493F-B113-496045A8E763}.Debug|Any CPU.Build.0 = Debug|Any CPU
		{65F67DA7-7FB6-493F-B113-496045A8E763}.Release|Any CPU.ActiveCfg = Release|Any CPU
		{65F67DA7-7FB6-493F-B113-496045A8E763}.Release|Any CPU.Build.0 = Release|Any CPU
		{4BE60B19-05BF-4E4B-9E24-EAFCABD0275E}.Debug|Any CPU.ActiveCfg = Debug|Any CPU
		{4BE60B19-05BF-4E4B-9E24-EAFCABD0275E}.Debug|Any CPU.Build.0 = Debug|Any CPU
		{4BE60B19-05BF-4E4B-9E24-EAFCABD0275E}.Release|Any CPU.ActiveCfg = Release|Any CPU
		{4BE60B19-05BF-4E4B-9E24-EAFCABD0275E}.Release|Any CPU.Build.0 = Release|Any CPU
		{0EAAF698-B53D-48EA-BA91-05ED3987BBC4}.Debug|Any CPU.ActiveCfg = Debug|Any CPU
		{0EAAF698-B53D-48EA-BA91-05ED3987BBC4}.Debug|Any CPU.Build.0 = Debug|Any CPU
		{0EAAF698-B53D-48EA-BA91-05ED3987BBC4}.Release|Any CPU.ActiveCfg = Release|Any CPU
		{0EAAF698-B53D-48EA-BA91-05ED3987BBC4}.Release|Any CPU.Build.0 = Release|Any CPU
	EndGlobalSection
	GlobalSection(SolutionProperties) = preSolution
		HideSolutionNode = FALSE
	EndGlobalSection
	GlobalSection(ExtensibilityGlobals) = postSolution
		SolutionGuid = {87914D84-E26B-49B1-B7DC-9D4ED2469015}
	EndGlobalSection
EndGlobal
